
Microsoft Visual Studio Solution File, Format Version 12.00
# Visual Studio 14
VisualStudioVersion = 14.0.25420.1
MinimumVisualStudioVersion = 10.0.40219.1
Project("{FAE04EC0-301F-11D3-BF4B-00C04F79EFBC}") = "Assignment01", "Assignment01\Assignment01.csproj", "{8E312AC8-7445-46F2-B0F4-52116C576AB4}"
EndProject
Project("{FAE04EC0-301F-11D3-BF4B-00C04F79EFBC}") = "CarsLibrary", "CarsLibrary\CarsLibrary.csproj", "{2CF4A43B-DB6C-4891-BD8F-FE56518BB7DC}"
EndProject
Project("{FAE04EC0-301F-11D3-BF4B-00C04F79EFBC}") = "RentalCarService", "RentalCarService\RentalCarService.csproj", "{1EAE5CBB-E8F3-4089-B9F0-984F7BEA0DA3}"
EndProject
Global
	GlobalSection(SolutionConfigurationPlatforms) = preSolution
		Debug|Any CPU = Debug|Any CPU
		Release|Any CPU = Release|Any CPU
	EndGlobalSection
	GlobalSection(ProjectConfigurationPlatforms) = postSolution
		{8E312AC8-7445-46F2-B0F4-52116C576AB4}.Debug|Any CPU.ActiveCfg = Debug|Any CPU
		{8E312AC8-7445-46F2-B0F4-52116C576AB4}.Debug|Any CPU.Build.0 = Debug|Any CPU
		{8E312AC8-7445-46F2-B0F4-52116C576AB4}.Release|Any CPU.ActiveCfg = Release|Any CPU
		{8E312AC8-7445-46F2-B0F4-52116C576AB4}.Release|Any CPU.Build.0 = Release|Any CPU
		{2CF4A43B-DB6C-4891-BD8F-FE56518BB7DC}.Debug|Any CPU.ActiveCfg = Debug|Any CPU
		{2CF4A43B-DB6C-4891-BD8F-FE56518BB7DC}.Debug|Any CPU.Build.0 = Debug|Any CPU
		{2CF4A43B-DB6C-4891-BD8F-FE56518BB7DC}.Release|Any CPU.ActiveCfg = Release|Any CPU
		{2CF4A43B-DB6C-4891-BD8F-FE56518BB7DC}.Release|Any CPU.Build.0 = Release|Any CPU
		{1EAE5CBB-E8F3-4089-B9F0-984F7BEA0DA3}.Debug|Any CPU.ActiveCfg = Debug|Any CPU
		{1EAE5CBB-E8F3-4089-B9F0-984F7BEA0DA3}.Debug|Any CPU.Build.0 = Debug|Any CPU
		{1EAE5CBB-E8F3-4089-B9F0-984F7BEA0DA3}.Release|Any CPU.ActiveCfg = Release|Any CPU
		{1EAE5CBB-E8F3-4089-B9F0-984F7BEA0DA3}.Release|Any CPU.Build.0 = Release|Any CPU
	EndGlobalSection
	GlobalSection(SolutionProperties) = preSolution
		HideSolutionNode = FALSE
	EndGlobalSection
	GlobalSection(ExtensibilityGlobals) = postSolution
		SolutionGuid = {9D949946-D741-4A1A-A760-F04E2707EFAC}
	EndGlobalSection
EndGlobal
